// !$*UTF8*$!
{
	archiveVersion = 1;
	classes = {
	};
	objectVersion = 56;
	objects = {

/* Begin PBXBuildFile section */
		217BACA82A969A6600844BD7 /* AppDelegate.swift in Sources */ = {isa = PBXBuildFile; fileRef = 217BACA72A969A6600844BD7 /* AppDelegate.swift */; };
		217BACAA2A969A6600844BD7 /* SceneDelegate.swift in Sources */ = {isa = PBXBuildFile; fileRef = 217BACA92A969A6600844BD7 /* SceneDelegate.swift */; };
		217BACAC2A969A6600844BD7 /* ViewController.swift in Sources */ = {isa = PBXBuildFile; fileRef = 217BACAB2A969A6600844BD7 /* ViewController.swift */; };
		217BACAF2A969A6600844BD7 /* Main.storyboard in Resources */ = {isa = PBXBuildFile; fileRef = 217BACAD2A969A6600844BD7 /* Main.storyboard */; };
		217BACB12A969A6700844BD7 /* Assets.xcassets in Resources */ = {isa = PBXBuildFile; fileRef = 217BACB02A969A6700844BD7 /* Assets.xcassets */; };
		217BACB42A969A6700844BD7 /* LaunchScreen.storyboard in Resources */ = {isa = PBXBuildFile; fileRef = 217BACB22A969A6700844BD7 /* LaunchScreen.storyboard */; };
		217BACBF2A969A6700844BD7 /* BMICalcTests.swift in Sources */ = {isa = PBXBuildFile; fileRef = 217BACBE2A969A6700844BD7 /* BMICalcTests.swift */; };
		217BACC92A969A6700844BD7 /* BMICalcUITests.swift in Sources */ = {isa = PBXBuildFile; fileRef = 217BACC82A969A6700844BD7 /* BMICalcUITests.swift */; };
		217BACCB2A969A6700844BD7 /* BMICalcUITestsLaunchTests.swift in Sources */ = {isa = PBXBuildFile; fileRef = 217BACCA2A969A6700844BD7 /* BMICalcUITestsLaunchTests.swift */; };
/* End PBXBuildFile section */

/* Begin PBXContainerItemProxy section */
		217BACBB2A969A6700844BD7 /* PBXContainerItemProxy */ = {
			isa = PBXContainerItemProxy;
			containerPortal = 217BAC9C2A969A6600844BD7 /* Project object */;
			proxyType = 1;
			remoteGlobalIDString = 217BACA32A969A6600844BD7;
			remoteInfo = BMICalc;
		};
		217BACC52A969A6700844BD7 /* PBXContainerItemProxy */ = {
			isa = PBXContainerItemProxy;
			containerPortal = 217BAC9C2A969A6600844BD7 /* Project object */;
			proxyType = 1;
			remoteGlobalIDString = 217BACA32A969A6600844BD7;
			remoteInfo = BMICalc;
		};
/* End PBXContainerItemProxy section */

/* Begin PBXFileReference section */
		217BACA42A969A6600844BD7 /* BMICalc.app */ = {isa = PBXFileReference; explicitFileType = wrapper.application; includeInIndex = 0; path = BMICalc.app; sourceTree = BUILT_PRODUCTS_DIR; };
		217BACA72A969A6600844BD7 /* AppDelegate.swift */ = {isa = PBXFileReference; lastKnownFileType = sourcecode.swift; path = AppDelegate.swift; sourceTree = "<group>"; };
		217BACA92A969A6600844BD7 /* SceneDelegate.swift */ = {isa = PBXFileReference; lastKnownFileType = sourcecode.swift; path = SceneDelegate.swift; sourceTree = "<group>"; };
		217BACAB2A969A6600844BD7 /* ViewController.swift */ = {isa = PBXFileReference; lastKnownFileType = sourcecode.swift; path = ViewController.swift; sourceTree = "<group>"; };
		217BACAE2A969A6600844BD7 /* Base */ = {isa = PBXFileReference; lastKnownFileType = file.storyboard; name = Base; path = Base.lproj/Main.storyboard; sourceTree = "<group>"; };
		217BACB02A969A6700844BD7 /* Assets.xcassets */ = {isa = PBXFileReference; lastKnownFileType = folder.assetcatalog; path = Assets.xcassets; sourceTree = "<group>"; };
		217BACB32A969A6700844BD7 /* Base */ = {isa = PBXFileReference; lastKnownFileType = file.storyboard; name = Base; path = Base.lproj/LaunchScreen.storyboard; sourceTree = "<group>"; };
		217BACB52A969A6700844BD7 /* Info.plist */ = {isa = PBXFileReference; lastKnownFileType = text.plist.xml; path = Info.plist; sourceTree = "<group>"; };
		217BACBA2A969A6700844BD7 /* BMICalcTests.xctest */ = {isa = PBXFileReference; explicitFileType = wrapper.cfbundle; includeInIndex = 0; path = BMICalcTests.xctest; sourceTree = BUILT_PRODUCTS_DIR; };
		217BACBE2A969A6700844BD7 /* BMICalcTests.swift */ = {isa = PBXFileReference; lastKnownFileType = sourcecode.swift; path = BMICalcTests.swift; sourceTree = "<group>"; };
		217BACC42A969A6700844BD7 /* BMICalcUITests.xctest */ = {isa = PBXFileReference; explicitFileType = wrapper.cfbundle; includeInIndex = 0; path = BMICalcUITests.xctest; sourceTree = BUILT_PRODUCTS_DIR; };
		217BACC82A969A6700844BD7 /* BMICalcUITests.swift */ = {isa = PBXFileReference; lastKnownFileType = sourcecode.swift; path = BMICalcUITests.swift; sourceTree = "<group>"; };
		217BACCA2A969A6700844BD7 /* BMICalcUITestsLaunchTests.swift */ = {isa = PBXFileReference; lastKnownFileType = sourcecode.swift; path = BMICalcUITestsLaunchTests.swift; sourceTree = "<group>"; };
/* End PBXFileReference section */

/* Begin PBXFrameworksBuildPhase section */
		217BACA12A969A6600844BD7 /* Frameworks */ = {
			isa = PBXFrameworksBuildPhase;
			buildActionMask = 2147483647;
			files = (
			);
			runOnlyForDeploymentPostprocessing = 0;
		};
		217BACB72A969A6700844BD7 /* Frameworks */ = {
			isa = PBXFrameworksBuildPhase;
			buildActionMask = 2147483647;
			files = (
			);
			runOnlyForDeploymentPostprocessing = 0;
		};
		217BACC12A969A6700844BD7 /* Frameworks */ = {
			isa = PBXFrameworksBuildPhase;
			buildActionMask = 2147483647;
			files = (
			);
			runOnlyForDeploymentPostprocessing = 0;
		};
/* End PBXFrameworksBuildPhase section */

/* Begin PBXGroup section */
		217BAC9B2A969A6600844BD7 = {
			isa = PBXGroup;
			children = (
				217BACA62A969A6600844BD7 /* BMICalc */,
				217BACBD2A969A6700844BD7 /* BMICalcTests */,
				217BACC72A969A6700844BD7 /* BMICalcUITests */,
				217BACA52A969A6600844BD7 /* Products */,
			);
			sourceTree = "<group>";
		};
		217BACA52A969A6600844BD7 /* Products */ = {
			isa = PBXGroup;
			children = (
				217BACA42A969A6600844BD7 /* BMICalc.app */,
				217BACBA2A969A6700844BD7 /* BMICalcTests.xctest */,
				217BACC42A969A6700844BD7 /* BMICalcUITests.xctest */,
			);
			name = Products;
			sourceTree = "<group>";
		};
		217BACA62A969A6600844BD7 /* BMICalc */ = {
			isa = PBXGroup;
			children = (
				217BACA72A969A6600844BD7 /* AppDelegate.swift */,
				217BACA92A969A6600844BD7 /* SceneDelegate.swift */,
				217BACAB2A969A6600844BD7 /* ViewController.swift */,
				217BACAD2A969A6600844BD7 /* Main.storyboard */,
				217BACB02A969A6700844BD7 /* Assets.xcassets */,
				217BACB22A969A6700844BD7 /* LaunchScreen.storyboard */,
				217BACB52A969A6700844BD7 /* Info.plist */,
			);
			path = BMICalc;
			sourceTree = "<group>";
		};
		217BACBD2A969A6700844BD7 /* BMICalcTests */ = {
			isa = PBXGroup;
			children = (
				217BACBE2A969A6700844BD7 /* BMICalcTests.swift */,
			);
			path = BMICalcTests;
			sourceTree = "<group>";
		};
		217BACC72A969A6700844BD7 /* BMICalcUITests */ = {
			isa = PBXGroup;
			children = (
				217BACC82A969A6700844BD7 /* BMICalcUITests.swift */,
				217BACCA2A969A6700844BD7 /* BMICalcUITestsLaunchTests.swift */,
			);
			path = BMICalcUITests;
			sourceTree = "<group>";
		};
/* End PBXGroup section */

/* Begin PBXNativeTarget section */
		217BACA32A969A6600844BD7 /* BMICalc */ = {
			isa = PBXNativeTarget;
			buildConfigurationList = 217BACCE2A969A6700844BD7 /* Build configuration list for PBXNativeTarget "BMICalc" */;
			buildPhases = (
				217BACA02A969A6600844BD7 /* Sources */,
				217BACA12A969A6600844BD7 /* Frameworks */,
				217BACA22A969A6600844BD7 /* Resources */,
			);
			buildRules = (
			);
			dependencies = (
			);
			name = BMICalc;
			productName = BMICalc;
			productReference = 217BACA42A969A6600844BD7 /* BMICalc.app */;
			productType = "com.apple.product-type.application";
		};
		217BACB92A969A6700844BD7 /* BMICalcTests */ = {
			isa = PBXNativeTarget;
			buildConfigurationList = 217BACD12A969A6700844BD7 /* Build configuration list for PBXNativeTarget "BMICalcTests" */;
			buildPhases = (
				217BACB62A969A6700844BD7 /* Sources */,
				217BACB72A969A6700844BD7 /* Frameworks */,
				217BACB82A969A6700844BD7 /* Resources */,
			);
			buildRules = (
			);
			dependencies = (
				217BACBC2A969A6700844BD7 /* PBXTargetDependency */,
			);
			name = BMICalcTests;
			productName = BMICalcTests;
			productReference = 217BACBA2A969A6700844BD7 /* BMICalcTests.xctest */;
			productType = "com.apple.product-type.bundle.unit-test";
		};
		217BACC32A969A6700844BD7 /* BMICalcUITests */ = {
			isa = PBXNativeTarget;
			buildConfigurationList = 217BACD42A969A6700844BD7 /* Build configuration list for PBXNativeTarget "BMICalcUITests" */;
			buildPhases = (
				217BACC02A969A6700844BD7 /* Sources */,
				217BACC12A969A6700844BD7 /* Frameworks */,
				217BACC22A969A6700844BD7 /* Resources */,
			);
			buildRules = (
			);
			dependencies = (
				217BACC62A969A6700844BD7 /* PBXTargetDependency */,
			);
			name = BMICalcUITests;
			productName = BMICalcUITests;
			productReference = 217BACC42A969A6700844BD7 /* BMICalcUITests.xctest */;
			productType = "com.apple.product-type.bundle.ui-testing";
		};
/* End PBXNativeTarget section */

/* Begin PBXProject section */
		217BAC9C2A969A6600844BD7 /* Project object */ = {
			isa = PBXProject;
			attributes = {
				BuildIndependentTargetsInParallel = 1;
				LastSwiftUpdateCheck = 1430;
				LastUpgradeCheck = 1430;
				TargetAttributes = {
					217BACA32A969A6600844BD7 = {
						CreatedOnToolsVersion = 14.3.1;
					};
					217BACB92A969A6700844BD7 = {
						CreatedOnToolsVersion = 14.3.1;
						TestTargetID = 217BACA32A969A6600844BD7;
					};
					217BACC32A969A6700844BD7 = {
						CreatedOnToolsVersion = 14.3.1;
						TestTargetID = 217BACA32A969A6600844BD7;
					};
				};
			};
			buildConfigurationList = 217BAC9F2A969A6600844BD7 /* Build configuration list for PBXProject "BMICalc" */;
			compatibilityVersion = "Xcode 14.0";
			developmentRegion = en;
			hasScannedForEncodings = 0;
			knownRegions = (
				en,
				Base,
			);
			mainGroup = 217BAC9B2A969A6600844BD7;
			productRefGroup = 217BACA52A969A6600844BD7 /* Products */;
			projectDirPath = "";
			projectRoot = "";
			targets = (
				217BACA32A969A6600844BD7 /* BMICalc */,
				217BACB92A969A6700844BD7 /* BMICalcTests */,
				217BACC32A969A6700844BD7 /* BMICalcUITests */,
			);
		};
/* End PBXProject section */

/* Begin PBXResourcesBuildPhase section */
		217BACA22A969A6600844BD7 /* Resources */ = {
			isa = PBXResourcesBuildPhase;
			buildActionMask = 2147483647;
			files = (
				217BACB42A969A6700844BD7 /* LaunchScreen.storyboard in Resources */,
				217BACB12A969A6700844BD7 /* Assets.xcassets in Resources */,
				217BACAF2A969A6600844BD7 /* Main.storyboard in Resources */,
			);
			runOnlyForDeploymentPostprocessing = 0;
		};
		217BACB82A969A6700844BD7 /* Resources */ = {
			isa = PBXResourcesBuildPhase;
			buildActionMask = 2147483647;
			files = (
			);
			runOnlyForDeploymentPostprocessing = 0;
		};
		217BACC22A969A6700844BD7 /* Resources */ = {
			isa = PBXResourcesBuildPhase;
			buildActionMask = 2147483647;
			files = (
			);
			runOnlyForDeploymentPostprocessing = 0;
		};
/* End PBXResourcesBuildPhase section */

/* Begin PBXSourcesBuildPhase section */
		217BACA02A969A6600844BD7 /* Sources */ = {
			isa = PBXSourcesBuildPhase;
			buildActionMask = 2147483647;
			files = (
				217BACAC2A969A6600844BD7 /* ViewController.swift in Sources */,
				217BACA82A969A6600844BD7 /* AppDelegate.swift in Sources */,
				217BACAA2A969A6600844BD7 /* SceneDelegate.swift in Sources */,
			);
			runOnlyForDeploymentPostprocessing = 0;
		};
		217BACB62A969A6700844BD7 /* Sources */ = {
			isa = PBXSourcesBuildPhase;
			buildActionMask = 2147483647;
			files = (
				217BACBF2A969A6700844BD7 /* BMICalcTests.swift in Sources */,
			);
			runOnlyForDeploymentPostprocessing = 0;
		};
		217BACC02A969A6700844BD7 /* Sources */ = {
			isa = PBXSourcesBuildPhase;
			buildActionMask = 2147483647;
			files = (
				217BACCB2A969A6700844BD7 /* BMICalcUITestsLaunchTests.swift in Sources */,
				217BACC92A969A6700844BD7 /* BMICalcUITests.swift in Sources */,
			);
			runOnlyForDeploymentPostprocessing = 0;
		};
/* End PBXSourcesBuildPhase section */

/* Begin PBXTargetDependency section */
		217BACBC2A969A6700844BD7 /* PBXTargetDependency */ = {
			isa = PBXTargetDependency;
			target = 217BACA32A969A6600844BD7 /* BMICalc */;
			targetProxy = 217BACBB2A969A6700844BD7 /* PBXContainerItemProxy */;
		};
		217BACC62A969A6700844BD7 /* PBXTargetDependency */ = {
			isa = PBXTargetDependency;
			target = 217BACA32A969A6600844BD7 /* BMICalc */;
			targetProxy = 217BACC52A969A6700844BD7 /* PBXContainerItemProxy */;
		};
/* End PBXTargetDependency section */

/* Begin PBXVariantGroup section */
		217BACAD2A969A6600844BD7 /* Main.storyboard */ = {
			isa = PBXVariantGroup;
			children = (
				217BACAE2A969A6600844BD7 /* Base */,
			);
			name = Main.storyboard;
			sourceTree = "<group>";
		};
		217BACB22A969A6700844BD7 /* LaunchScreen.storyboard */ = {
			isa = PBXVariantGroup;
			children = (
				217BACB32A969A6700844BD7 /* Base */,
			);
			name = LaunchScreen.storyboard;
			sourceTree = "<group>";
		};
/* End PBXVariantGroup section */

/* Begin XCBuildConfiguration section */
		217BACCC2A969A6700844BD7 /* Debug */ = {
			isa = XCBuildConfiguration;
			buildSettings = {
				ALWAYS_SEARCH_USER_PATHS = NO;
				CLANG_ANALYZER_NONNULL = YES;
				CLANG_ANALYZER_NUMBER_OBJECT_CONVERSION = YES_AGGRESSIVE;
				CLANG_CXX_LANGUAGE_STANDARD = "gnu++20";
				CLANG_ENABLE_MODULES = YES;
				CLANG_ENABLE_OBJC_ARC = YES;
				CLANG_ENABLE_OBJC_WEAK = YES;
				CLANG_WARN_BLOCK_CAPTURE_AUTORELEASING = YES;
				CLANG_WARN_BOOL_CONVERSION = YES;
				CLANG_WARN_COMMA = YES;
				CLANG_WARN_CONSTANT_CONVERSION = YES;
				CLANG_WARN_DEPRECATED_OBJC_IMPLEMENTATIONS = YES;
				CLANG_WARN_DIRECT_OBJC_ISA_USAGE = YES_ERROR;
				CLANG_WARN_DOCUMENTATION_COMMENTS = YES;
				CLANG_WARN_EMPTY_BODY = YES;
				CLANG_WARN_ENUM_CONVERSION = YES;
				CLANG_WARN_INFINITE_RECURSION = YES;
				CLANG_WARN_INT_CONVERSION = YES;
				CLANG_WARN_NON_LITERAL_NULL_CONVERSION = YES;
				CLANG_WARN_OBJC_IMPLICIT_RETAIN_SELF = YES;
				CLANG_WARN_OBJC_LITERAL_CONVERSION = YES;
				CLANG_WARN_OBJC_ROOT_CLASS = YES_ERROR;
				CLANG_WARN_QUOTED_INCLUDE_IN_FRAMEWORK_HEADER = YES;
				CLANG_WARN_RANGE_LOOP_ANALYSIS = YES;
				CLANG_WARN_STRICT_PROTOTYPES = YES;
				CLANG_WARN_SUSPICIOUS_MOVE = YES;
				CLANG_WARN_UNGUARDED_AVAILABILITY = YES_AGGRESSIVE;
				CLANG_WARN_UNREACHABLE_CODE = YES;
				CLANG_WARN__DUPLICATE_METHOD_MATCH = YES;
				COPY_PHASE_STRIP = NO;
				DEBUG_INFORMATION_FORMAT = dwarf;
				ENABLE_STRICT_OBJC_MSGSEND = YES;
				ENABLE_TESTABILITY = YES;
				GCC_C_LANGUAGE_STANDARD = gnu11;
				GCC_DYNAMIC_NO_PIC = NO;
				GCC_NO_COMMON_BLOCKS = YES;
				GCC_OPTIMIZATION_LEVEL = 0;
				GCC_PREPROCESSOR_DEFINITIONS = (
					"DEBUG=1",
					"$(inherited)",
				);
				GCC_WARN_64_TO_32_BIT_CONVERSION = YES;
				GCC_WARN_ABOUT_RETURN_TYPE = YES_ERROR;
				GCC_WARN_UNDECLARED_SELECTOR = YES;
				GCC_WARN_UNINITIALIZED_AUTOS = YES_AGGRESSIVE;
				GCC_WARN_UNUSED_FUNCTION = YES;
				GCC_WARN_UNUSED_VARIABLE = YES;
				IPHONEOS_DEPLOYMENT_TARGET = 16.4;
				MTL_ENABLE_DEBUG_INFO = INCLUDE_SOURCE;
				MTL_FAST_MATH = YES;
				ONLY_ACTIVE_ARCH = YES;
				SDKROOT = iphoneos;
				SWIFT_ACTIVE_COMPILATION_CONDITIONS = DEBUG;
				SWIFT_OPTIMIZATION_LEVEL = "-Onone";
			};
			name = Debug;
		};
		217BACCD2A969A6700844BD7 /* Release */ = {
			isa = XCBuildConfiguration;
			buildSettings = {
				ALWAYS_SEARCH_USER_PATHS = NO;
				CLANG_ANALYZER_NONNULL = YES;
				CLANG_ANALYZER_NUMBER_OBJECT_CONVERSION = YES_AGGRESSIVE;
				CLANG_CXX_LANGUAGE_STANDARD = "gnu++20";
				CLANG_ENABLE_MODULES = YES;
				CLANG_ENABLE_OBJC_ARC = YES;
				CLANG_ENABLE_OBJC_WEAK = YES;
				CLANG_WARN_BLOCK_CAPTURE_AUTORELEASING = YES;
				CLANG_WARN_BOOL_CONVERSION = YES;
				CLANG_WARN_COMMA = YES;
				CLANG_WARN_CONSTANT_CONVERSION = YES;
				CLANG_WARN_DEPRECATED_OBJC_IMPLEMENTATIONS = YES;
				CLANG_WARN_DIRECT_OBJC_ISA_USAGE = YES_ERROR;
				CLANG_WARN_DOCUMENTATION_COMMENTS = YES;
				CLANG_WARN_EMPTY_BODY = YES;
				CLANG_WARN_ENUM_CONVERSION = YES;
				CLANG_WARN_INFINITE_RECURSION = YES;
				CLANG_WARN_INT_CONVERSION = YES;
				CLANG_WARN_NON_LITERAL_NULL_CONVERSION = YES;
				CLANG_WARN_OBJC_IMPLICIT_RETAIN_SELF = YES;
				CLANG_WARN_OBJC_LITERAL_CONVERSION = YES;
				CLANG_WARN_OBJC_ROOT_CLASS = YES_ERROR;
				CLANG_WARN_QUOTED_INCLUDE_IN_FRAMEWORK_HEADER = YES;
				CLANG_WARN_RANGE_LOOP_ANALYSIS = YES;
				CLANG_WARN_STRICT_PROTOTYPES = YES;
				CLANG_WARN_SUSPICIOUS_MOVE = YES;
				CLANG_WARN_UNGUARDED_AVAILABILITY = YES_AGGRESSIVE;
				CLANG_WARN_UNREACHABLE_CODE = YES;
				CLANG_WARN__DUPLICATE_METHOD_MATCH = YES;
				COPY_PHASE_STRIP = NO;
				DEBUG_INFORMATION_FORMAT = "dwarf-with-dsym";
				ENABLE_NS_ASSERTIONS = NO;
				ENABLE_STRICT_OBJC_MSGSEND = YES;
				GCC_C_LANGUAGE_STANDARD = gnu11;
				GCC_NO_COMMON_BLOCKS = YES;
				GCC_WARN_64_TO_32_BIT_CONVERSION = YES;
				GCC_WARN_ABOUT_RETURN_TYPE = YES_ERROR;
				GCC_WARN_UNDECLARED_SELECTOR = YES;
				GCC_WARN_UNINITIALIZED_AUTOS = YES_AGGRESSIVE;
				GCC_WARN_UNUSED_FUNCTION = YES;
				GCC_WARN_UNUSED_VARIABLE = YES;
				IPHONEOS_DEPLOYMENT_TARGET = 16.4;
				MTL_ENABLE_DEBUG_INFO = NO;
				MTL_FAST_MATH = YES;
				SDKROOT = iphoneos;
				SWIFT_COMPILATION_MODE = wholemodule;
				SWIFT_OPTIMIZATION_LEVEL = "-O";
				VALIDATE_PRODUCT = YES;
			};
			name = Release;
		};
		217BACCF2A969A6700844BD7 /* Debug */ = {
			isa = XCBuildConfiguration;
			buildSettings = {
				ASSETCATALOG_COMPILER_APPICON_NAME = AppIcon;
				ASSETCATALOG_COMPILER_GLOBAL_ACCENT_COLOR_NAME = AccentColor;
				CODE_SIGN_STYLE = Automatic;
				CURRENT_PROJECT_VERSION = 1;
				GENERATE_INFOPLIST_FILE = YES;
				INFOPLIST_FILE = BMICalc/Info.plist;
				INFOPLIST_KEY_UIApplicationSupportsIndirectInputEvents = YES;
				INFOPLIST_KEY_UILaunchStoryboardName = LaunchScreen;
				INFOPLIST_KEY_UIMainStoryboardFile = Main;
				INFOPLIST_KEY_UISupportedInterfaceOrientations_iPad = "UIInterfaceOrientationPortrait UIInterfaceOrientationPortraitUpsideDown UIInterfaceOrientationLandscapeLeft UIInterfaceOrientationLandscapeRight";
				INFOPLIST_KEY_UISupportedInterfaceOrientations_iPhone = "UIInterfaceOrientationPortrait UIInterfaceOrientationLandscapeLeft UIInterfaceOrientationLandscapeRight";
				LD_RUNPATH_SEARCH_PATHS = (
					"$(inherited)",
					"@executable_path/Frameworks",
				);
				MARKETING_VERSION = 1.0;
				PRODUCT_BUNDLE_IDENTIFIER = aj.BMICalc;
				PRODUCT_NAME = "$(TARGET_NAME)";
				SWIFT_EMIT_LOC_STRINGS = YES;
				SWIFT_VERSION = 5.0;
				TARGETED_DEVICE_FAMILY = "1,2";
			};
			name = Debug;
		};
		217BACD02A969A6700844BD7 /* Release */ = {
			isa = XCBuildConfiguration;
			buildSettings = {
				ASSETCATALOG_COMPILER_APPICON_NAME = AppIcon;
				ASSETCATALOG_COMPILER_GLOBAL_ACCENT_COLOR_NAME = AccentColor;
				CODE_SIGN_STYLE = Automatic;
				CURRENT_PROJECT_VERSION = 1;
				GENERATE_INFOPLIST_FILE = YES;
				INFOPLIST_FILE = BMICalc/Info.plist;
				INFOPLIST_KEY_UIApplicationSupportsIndirectInputEvents = YES;
				INFOPLIST_KEY_UILaunchStoryboardName = LaunchScreen;
				INFOPLIST_KEY_UIMainStoryboardFile = Main;
				INFOPLIST_KEY_UISupportedInterfaceOrientations_iPad = "UIInterfaceOrientationPortrait UIInterfaceOrientationPortraitUpsideDown UIInterfaceOrientationLandscapeLeft UIInterfaceOrientationLandscapeRight";
				INFOPLIST_KEY_UISupportedInterfaceOrientations_iPhone = "UIInterfaceOrientationPortrait UIInterfaceOrientationLandscapeLeft UIInterfaceOrientationLandscapeRight";
				LD_RUNPATH_SEARCH_PATHS = (
					"$(inherited)",
					"@executable_path/Frameworks",
				);
				MARKETING_VERSION = 1.0;
				PRODUCT_BUNDLE_IDENTIFIER = aj.BMICalc;
				PRODUCT_NAME = "$(TARGET_NAME)";
				SWIFT_EMIT_LOC_STRINGS = YES;
				SWIFT_VERSION = 5.0;
				TARGETED_DEVICE_FAMILY = "1,2";
			};
			name = Release;
		};
		217BACD22A969A6700844BD7 /* Debug */ = {
			isa = XCBuildConfiguration;
			buildSettings = {
				ALWAYS_EMBED_SWIFT_STANDARD_LIBRARIES = YES;
				BUNDLE_LOADER = "$(TEST_HOST)";
				CODE_SIGN_STYLE = Automatic;
				CURRENT_PROJECT_VERSION = 1;
				GENERATE_INFOPLIST_FILE = YES;
				IPHONEOS_DEPLOYMENT_TARGET = 16.4;
				MARKETING_VERSION = 1.0;
				PRODUCT_BUNDLE_IDENTIFIER = aj.BMICalcTests;
				PRODUCT_NAME = "$(TARGET_NAME)";
				SWIFT_EMIT_LOC_STRINGS = NO;
				SWIFT_VERSION = 5.0;
				TARGETED_DEVICE_FAMILY = "1,2";
				TEST_HOST = "$(BUILT_PRODUCTS_DIR)/BMICalc.app/$(BUNDLE_EXECUTABLE_FOLDER_PATH)/BMICalc";
			};
			name = Debug;
		};
		217BACD32A969A6700844BD7 /* Release */ = {
			isa = XCBuildConfiguration;
			buildSettings = {
				ALWAYS_EMBED_SWIFT_STANDARD_LIBRARIES = YES;
				BUNDLE_LOADER = "$(TEST_HOST)";
				CODE_SIGN_STYLE = Automatic;
				CURRENT_PROJECT_VERSION = 1;
				GENERATE_INFOPLIST_FILE = YES;
				IPHONEOS_DEPLOYMENT_TARGET = 16.4;
				MARKETING_VERSION = 1.0;
				PRODUCT_BUNDLE_IDENTIFIER = aj.BMICalcTests;
				PRODUCT_NAME = "$(TARGET_NAME)";
				SWIFT_EMIT_LOC_STRINGS = NO;
				SWIFT_VERSION = 5.0;
				TARGETED_DEVICE_FAMILY = "1,2";
				TEST_HOST = "$(BUILT_PRODUCTS_DIR)/BMICalc.app/$(BUNDLE_EXECUTABLE_FOLDER_PATH)/BMICalc";
			};
			name = Release;
		};
		217BACD52A969A6700844BD7 /* Debug */ = {
			isa = XCBuildConfiguration;
			buildSettings = {
				ALWAYS_EMBED_SWIFT_STANDARD_LIBRARIES = YES;
				CODE_SIGN_STYLE = Automatic;
				CURRENT_PROJECT_VERSION = 1;
				GENERATE_INFOPLIST_FILE = YES;
				MARKETING_VERSION = 1.0;
				PRODUCT_BUNDLE_IDENTIFIER = aj.BMICalcUITests;
				PRODUCT_NAME = "$(TARGET_NAME)";
				SWIFT_EMIT_LOC_STRINGS = NO;
				SWIFT_VERSION = 5.0;
				TARGETED_DEVICE_FAMILY = "1,2";
				TEST_TARGET_NAME = BMICalc;
			};
			name = Debug;
		};
		217BACD62A969A6700844BD7 /* Release */ = {
			isa = XCBuildConfiguration;
			buildSettings = {
				ALWAYS_EMBED_SWIFT_STANDARD_LIBRARIES = YES;
				CODE_SIGN_STYLE = Automatic;
				CURRENT_PROJECT_VERSION = 1;
				GENERATE_INFOPLIST_FILE = YES;
				MARKETING_VERSION = 1.0;
				PRODUCT_BUNDLE_IDENTIFIER = aj.BMICalcUITests;
				PRODUCT_NAME = "$(TARGET_NAME)";
				SWIFT_EMIT_LOC_STRINGS = NO;
				SWIFT_VERSION = 5.0;
				TARGETED_DEVICE_FAMILY = "1,2";
				TEST_TARGET_NAME = BMICalc;
			};
			name = Release;
		};
/* End XCBuildConfiguration section */

/* Begin XCConfigurationList section */
		217BAC9F2A969A6600844BD7 /* Build configuration list for PBXProject "BMICalc" */ = {
			isa = XCConfigurationList;
			buildConfigurations = (
				217BACCC2A969A6700844BD7 /* Debug */,
				217BACCD2A969A6700844BD7 /* Release */,
			);
			defaultConfigurationIsVisible = 0;
			defaultConfigurationName = Release;
		};
		217BACCE2A969A6700844BD7 /* Build configuration list for PBXNativeTarget "BMICalc" */ = {
			isa = XCConfigurationList;
			buildConfigurations = (
				217BACCF2A969A6700844BD7 /* Debug */,
				217BACD02A969A6700844BD7 /* Release */,
			);
			defaultConfigurationIsVisible = 0;
			defaultConfigurationName = Release;
		};
		217BACD12A969A6700844BD7 /* Build configuration list for PBXNativeTarget "BMICalcTests" */ = {
			isa = XCConfigurationList;
			buildConfigurations = (
				217BACD22A969A6700844BD7 /* Debug */,
				217BACD32A969A6700844BD7 /* Release */,
			);
			defaultConfigurationIsVisible = 0;
			defaultConfigurationName = Release;
		};
		217BACD42A969A6700844BD7 /* Build configuration list for PBXNativeTarget "BMICalcUITests" */ = {
			isa = XCConfigurationList;
			buildConfigurations = (
				217BACD52A969A6700844BD7 /* Debug */,
				217BACD62A969A6700844BD7 /* Release */,
			);
			defaultConfigurationIsVisible = 0;
			defaultConfigurationName = Release;
		};
/* End XCConfigurationList section */
	};
	rootObject = 217BAC9C2A969A6600844BD7 /* Project object */;
}
